
Microsoft Visual Studio Solution File, Format Version 12.00
# Visual Studio Version 16
VisualStudioVersion = 16.0.30011.22
MinimumVisualStudioVersion = 10.0.40219.1
Project("{FAE04EC0-301F-11D3-BF4B-00C04F79EFBC}") = "Size of file or folder", "Size of file or folder\Size of file or folder.csproj", "{229C5706-9E43-4BD9-B225-8ECD4B0D9CBD}"
EndProject
Global
	GlobalSection(SolutionConfigurationPlatforms) = preSolution
		Debug|Any CPU = Debug|Any CPU
		Release|Any CPU = Release|Any CPU
	EndGlobalSection
	GlobalSection(ProjectConfigurationPlatforms) = postSolution
		{229C5706-9E43-4BD9-B225-8ECD4B0D9CBD}.Debug|Any CPU.ActiveCfg = Debug|Any CPU
		{229C5706-9E43-4BD9-B225-8ECD4B0D9CBD}.Debug|Any CPU.Build.0 = Debug|Any CPU
		{229C5706-9E43-4BD9-B225-8ECD4B0D9CBD}.Release|Any CPU.ActiveCfg = Release|Any CPU
		{229C5706-9E43-4BD9-B225-8ECD4B0D9CBD}.Release|Any CPU.Build.0 = Release|Any CPU
	EndGlobalSection
	GlobalSection(SolutionProperties) = preSolution
		HideSolutionNode = FALSE
	EndGlobalSection
	GlobalSection(ExtensibilityGlobals) = postSolution
		SolutionGuid = {899E8A55-1ACA-494C-A833-49BDFE536076}
	EndGlobalSection
EndGlobal
